
Microsoft Visual Studio Solution File, Format Version 12.00
# Visual Studio 14
VisualStudioVersion = 14.0.25420.1
MinimumVisualStudioVersion = 10.0.40219.1
Project("{FAE04EC0-301F-11D3-BF4B-00C04F79EFBC}") = "SumaForTestCalab", "SumaForTestCalab\SumaForTestCalab\SumaForTestCalab.csproj", "{CF96A6D0-88DC-4229-B362-F259F1689100}"
EndProject
Project("{FAE04EC0-301F-11D3-BF4B-00C04F79EFBC}") = "SumaForTestCalab.Droid", "SumaForTestCalab\SumaForTestCalab.Droid\SumaForTestCalab.Droid.csproj", "{611ABD60-F4A4-4A47-87B3-DB94C82F7EBC}"
EndProject
Project("{FAE04EC0-301F-11D3-BF4B-00C04F79EFBC}") = "SumaForTestCalab.iOS", "SumaForTestCalab\SumaForTestCalab.iOS\SumaForTestCalab.iOS.csproj", "{CC8F9755-9A4F-437F-9A1F-D38BE91A6A03}"
EndProject
Project("{FAE04EC0-301F-11D3-BF4B-00C04F79EFBC}") = "SumaForTestCalab.WinPhone", "SumaForTestCalab\SumaForTestCalab.WinPhone\SumaForTestCalab.WinPhone.csproj", "{64D38671-8ECF-4C1B-8226-B94BDF77E8C0}"
EndProject
Project("{FAE04EC0-301F-11D3-BF4B-00C04F79EFBC}") = "SumaForTestCalab.UWP", "SumaForTestCalab\SumaForTestCalab.UWP\SumaForTestCalab.UWP.csproj", "{2DCCC98A-C5C7-4082-B0C1-36922B627535}"
EndProject
Project("{FAE04EC0-301F-11D3-BF4B-00C04F79EFBC}") = "SumaForTestCalab.Windows", "SumaForTestCalab\SumaForTestCalab.Windows\SumaForTestCalab.Windows.csproj", "{4198F1B0-A084-44BA-9CFF-ACB4268DC7A8}"
EndProject
Project("{2150E333-8FDC-42A3-9474-1A3956D46DE8}") = "Test", "Test", "{721C2D63-E8F1-4131-997F-60AA3105034F}"
EndProject
Project("{FAE04EC0-301F-11D3-BF4B-00C04F79EFBC}") = "AppSumaUnitTest", "AppSumaUnitTest\AppSumaUnitTest.csproj", "{C386D41D-BDC1-49CF-BD49-E09316CDA59D}"
EndProject
Global
	GlobalSection(SolutionConfigurationPlatforms) = preSolution
		Ad-Hoc|Any CPU = Ad-Hoc|Any CPU
		Ad-Hoc|ARM = Ad-Hoc|ARM
		Ad-Hoc|iPhone = Ad-Hoc|iPhone
		Ad-Hoc|iPhoneSimulator = Ad-Hoc|iPhoneSimulator
		Ad-Hoc|x64 = Ad-Hoc|x64
		Ad-Hoc|x86 = Ad-Hoc|x86
		AppStore|Any CPU = AppStore|Any CPU
		AppStore|ARM = AppStore|ARM
		AppStore|iPhone = AppStore|iPhone
		AppStore|iPhoneSimulator = AppStore|iPhoneSimulator
		AppStore|x64 = AppStore|x64
		AppStore|x86 = AppStore|x86
		Debug|Any CPU = Debug|Any CPU
		Debug|ARM = Debug|ARM
		Debug|iPhone = Debug|iPhone
		Debug|iPhoneSimulator = Debug|iPhoneSimulator
		Debug|x64 = Debug|x64
		Debug|x86 = Debug|x86
		Release|Any CPU = Release|Any CPU
		Release|ARM = Release|ARM
		Release|iPhone = Release|iPhone
		Release|iPhoneSimulator = Release|iPhoneSimulator
		Release|x64 = Release|x64
		Release|x86 = Release|x86
	EndGlobalSection
	GlobalSection(ProjectConfigurationPlatforms) = postSolution
		{CF96A6D0-88DC-4229-B362-F259F1689100}.Ad-Hoc|Any CPU.ActiveCfg = Release|Any CPU
		{CF96A6D0-88DC-4229-B362-F259F1689100}.Ad-Hoc|Any CPU.Build.0 = Release|Any CPU
		{CF96A6D0-88DC-4229-B362-F259F1689100}.Ad-Hoc|ARM.ActiveCfg = Release|Any CPU
		{CF96A6D0-88DC-4229-B362-F259F1689100}.Ad-Hoc|ARM.Build.0 = Release|Any CPU
		{CF96A6D0-88DC-4229-B362-F259F1689100}.Ad-Hoc|iPhone.ActiveCfg = Release|Any CPU
		{CF96A6D0-88DC-4229-B362-F259F1689100}.Ad-Hoc|iPhone.Build.0 = Release|Any CPU
		{CF96A6D0-88DC-4229-B362-F259F1689100}.Ad-Hoc|iPhoneSimulator.ActiveCfg = Release|Any CPU
		{CF96A6D0-88DC-4229-B362-F259F1689100}.Ad-Hoc|iPhoneSimulator.Build.0 = Release|Any CPU
		{CF96A6D0-88DC-4229-B362-F259F1689100}.Ad-Hoc|x64.ActiveCfg = Release|Any CPU
		{CF96A6D0-88DC-4229-B362-F259F1689100}.Ad-Hoc|x64.Build.0 = Release|Any CPU
		{CF96A6D0-88DC-4229-B362-F259F1689100}.Ad-Hoc|x86.ActiveCfg = Release|Any CPU
		{CF96A6D0-88DC-4229-B362-F259F1689100}.Ad-Hoc|x86.Build.0 = Release|Any CPU
		{CF96A6D0-88DC-4229-B362-F259F1689100}.AppStore|Any CPU.ActiveCfg = Release|Any CPU
		{CF96A6D0-88DC-4229-B362-F259F1689100}.AppStore|Any CPU.Build.0 = Release|Any CPU
		{CF96A6D0-88DC-4229-B362-F259F1689100}.AppStore|ARM.ActiveCfg = Release|Any CPU
		{CF96A6D0-88DC-4229-B362-F259F1689100}.AppStore|ARM.Build.0 = Release|Any CPU
		{CF96A6D0-88DC-4229-B362-F259F1689100}.AppStore|iPhone.ActiveCfg = Release|Any CPU
		{CF96A6D0-88DC-4229-B362-F259F1689100}.AppStore|iPhone.Build.0 = Release|Any CPU
		{CF96A6D0-88DC-4229-B362-F259F1689100}.AppStore|iPhoneSimulator.ActiveCfg = Release|Any CPU
		{CF96A6D0-88DC-4229-B362-F259F1689100}.AppStore|iPhoneSimulator.Build.0 = Release|Any CPU
		{CF96A6D0-88DC-4229-B362-F259F1689100}.AppStore|x64.ActiveCfg = Release|Any CPU
		{CF96A6D0-88DC-4229-B362-F259F1689100}.AppStore|x64.Build.0 = Release|Any CPU
		{CF96A6D0-88DC-4229-B362-F259F1689100}.AppStore|x86.ActiveCfg = Release|Any CPU
		{CF96A6D0-88DC-4229-B362-F259F1689100}.AppStore|x86.Build.0 = Release|Any CPU
		{CF96A6D0-88DC-4229-B362-F259F1689100}.Debug|Any CPU.ActiveCfg = Debug|Any CPU
		{CF96A6D0-88DC-4229-B362-F259F1689100}.Debug|Any CPU.Build.0 = Debug|Any CPU
		{CF96A6D0-88DC-4229-B362-F259F1689100}.Debug|ARM.ActiveCfg = Debug|Any CPU
		{CF96A6D0-88DC-4229-B362-F259F1689100}.Debug|ARM.Build.0 = Debug|Any CPU
		{CF96A6D0-88DC-4229-B362-F259F1689100}.Debug|iPhone.ActiveCfg = Debug|Any CPU
		{CF96A6D0-88DC-4229-B362-F259F1689100}.Debug|iPhone.Build.0 = Debug|Any CPU
		{CF96A6D0-88DC-4229-B362-F259F1689100}.Debug|iPhoneSimulator.ActiveCfg = Debug|Any CPU
		{CF96A6D0-88DC-4229-B362-F259F1689100}.Debug|iPhoneSimulator.Build.0 = Debug|Any CPU
		{CF96A6D0-88DC-4229-B362-F259F1689100}.Debug|x64.ActiveCfg = Debug|Any CPU
		{CF96A6D0-88DC-4229-B362-F259F1689100}.Debug|x64.Build.0 = Debug|Any CPU
		{CF96A6D0-88DC-4229-B362-F259F1689100}.Debug|x86.ActiveCfg = Debug|Any CPU
		{CF96A6D0-88DC-4229-B362-F259F1689100}.Debug|x86.Build.0 = Debug|Any CPU
		{CF96A6D0-88DC-4229-B362-F259F1689100}.Release|Any CPU.ActiveCfg = Release|Any CPU
		{CF96A6D0-88DC-4229-B362-F259F1689100}.Release|Any CPU.Build.0 = Release|Any CPU
		{CF96A6D0-88DC-4229-B362-F259F1689100}.Release|ARM.ActiveCfg = Release|Any CPU
		{CF96A6D0-88DC-4229-B362-F259F1689100}.Release|ARM.Build.0 = Release|Any CPU
		{CF96A6D0-88DC-4229-B362-F259F1689100}.Release|iPhone.ActiveCfg = Release|Any CPU
		{CF96A6D0-88DC-4229-B362-F259F1689100}.Release|iPhone.Build.0 = Release|Any CPU
		{CF96A6D0-88DC-4229-B362-F259F1689100}.Release|iPhoneSimulator.ActiveCfg = Release|Any CPU
		{CF96A6D0-88DC-4229-B362-F259F1689100}.Release|iPhoneSimulator.Build.0 = Release|Any CPU
		{CF96A6D0-88DC-4229-B362-F259F1689100}.Release|x64.ActiveCfg = Release|Any CPU
		{CF96A6D0-88DC-4229-B362-F259F1689100}.Release|x64.Build.0 = Release|Any CPU
		{CF96A6D0-88DC-4229-B362-F259F1689100}.Release|x86.ActiveCfg = Release|Any CPU
		{CF96A6D0-88DC-4229-B362-F259F1689100}.Release|x86.Build.0 = Release|Any CPU
		{611ABD60-F4A4-4A47-87B3-DB94C82F7EBC}.Ad-Hoc|Any CPU.ActiveCfg = Release|Any CPU
		{611ABD60-F4A4-4A47-87B3-DB94C82F7EBC}.Ad-Hoc|Any CPU.Build.0 = Release|Any CPU
		{611ABD60-F4A4-4A47-87B3-DB94C82F7EBC}.Ad-Hoc|Any CPU.Deploy.0 = Release|Any CPU
		{611ABD60-F4A4-4A47-87B3-DB94C82F7EBC}.Ad-Hoc|ARM.ActiveCfg = Release|Any CPU
		{611ABD60-F4A4-4A47-87B3-DB94C82F7EBC}.Ad-Hoc|ARM.Build.0 = Release|Any CPU
		{611ABD60-F4A4-4A47-87B3-DB94C82F7EBC}.Ad-Hoc|ARM.Deploy.0 = Release|Any CPU
		{611ABD60-F4A4-4A47-87B3-DB94C82F7EBC}.Ad-Hoc|iPhone.ActiveCfg = Release|Any CPU
		{611ABD60-F4A4-4A47-87B3-DB94C82F7EBC}.Ad-Hoc|iPhone.Build.0 = Release|Any CPU
		{611ABD60-F4A4-4A47-87B3-DB94C82F7EBC}.Ad-Hoc|iPhone.Deploy.0 = Release|Any CPU
		{611ABD60-F4A4-4A47-87B3-DB94C82F7EBC}.Ad-Hoc|iPhoneSimulator.ActiveCfg = Release|Any CPU
		{611ABD60-F4A4-4A47-87B3-DB94C82F7EBC}.Ad-Hoc|iPhoneSimulator.Build.0 = Release|Any CPU
		{611ABD60-F4A4-4A47-87B3-DB94C82F7EBC}.Ad-Hoc|iPhoneSimulator.Deploy.0 = Release|Any CPU
		{611ABD60-F4A4-4A47-87B3-DB94C82F7EBC}.Ad-Hoc|x64.ActiveCfg = Release|Any CPU
		{611ABD60-F4A4-4A47-87B3-DB94C82F7EBC}.Ad-Hoc|x64.Build.0 = Release|Any CPU
		{611ABD60-F4A4-4A47-87B3-DB94C82F7EBC}.Ad-Hoc|x64.Deploy.0 = Release|Any CPU
		{611ABD60-F4A4-4A47-87B3-DB94C82F7EBC}.Ad-Hoc|x86.ActiveCfg = Release|Any CPU
		{611ABD60-F4A4-4A47-87B3-DB94C82F7EBC}.Ad-Hoc|x86.Build.0 = Release|Any CPU
		{611ABD60-F4A4-4A47-87B3-DB94C82F7EBC}.Ad-Hoc|x86.Deploy.0 = Release|Any CPU
		{611ABD60-F4A4-4A47-87B3-DB94C82F7EBC}.AppStore|Any CPU.ActiveCfg = Release|Any CPU
		{611ABD60-F4A4-4A47-87B3-DB94C82F7EBC}.AppStore|Any CPU.Build.0 = Release|Any CPU
		{611ABD60-F4A4-4A47-87B3-DB94C82F7EBC}.AppStore|Any CPU.Deploy.0 = Release|Any CPU
		{611ABD60-F4A4-4A47-87B3-DB94C82F7EBC}.AppStore|ARM.ActiveCfg = Release|Any CPU
		{611ABD60-F4A4-4A47-87B3-DB94C82F7EBC}.AppStore|ARM.Build.0 = Release|Any CPU
		{611ABD60-F4A4-4A47-87B3-DB94C82F7EBC}.AppStore|ARM.Deploy.0 = Release|Any CPU
		{611ABD60-F4A4-4A47-87B3-DB94C82F7EBC}.AppStore|iPhone.ActiveCfg = Release|Any CPU
		{611ABD60-F4A4-4A47-87B3-DB94C82F7EBC}.AppStore|iPhone.Build.0 = Release|Any CPU
		{611ABD60-F4A4-4A47-87B3-DB94C82F7EBC}.AppStore|iPhone.Deploy.0 = Release|Any CPU
		{611ABD60-F4A4-4A47-87B3-DB94C82F7EBC}.AppStore|iPhoneSimulator.ActiveCfg = Release|Any CPU
		{611ABD60-F4A4-4A47-87B3-DB94C82F7EBC}.AppStore|iPhoneSimulator.Build.0 = Release|Any CPU
		{611ABD60-F4A4-4A47-87B3-DB94C82F7EBC}.AppStore|iPhoneSimulator.Deploy.0 = Release|Any CPU
		{611ABD60-F4A4-4A47-87B3-DB94C82F7EBC}.AppStore|x64.ActiveCfg = Release|Any CPU
		{611ABD60-F4A4-4A47-87B3-DB94C82F7EBC}.AppStore|x64.Build.0 = Release|Any CPU
		{611ABD60-F4A4-4A47-87B3-DB94C82F7EBC}.AppStore|x64.Deploy.0 = Release|Any CPU
		{611ABD60-F4A4-4A47-87B3-DB94C82F7EBC}.AppStore|x86.ActiveCfg = Release|Any CPU
		{611ABD60-F4A4-4A47-87B3-DB94C82F7EBC}.AppStore|x86.Build.0 = Release|Any CPU
		{611ABD60-F4A4-4A47-87B3-DB94C82F7EBC}.AppStore|x86.Deploy.0 = Release|Any CPU
		{611ABD60-F4A4-4A47-87B3-DB94C82F7EBC}.Debug|Any CPU.ActiveCfg = Debug|Any CPU
		{611ABD60-F4A4-4A47-87B3-DB94C82F7EBC}.Debug|Any CPU.Build.0 = Debug|Any CPU
		{611ABD60-F4A4-4A47-87B3-DB94C82F7EBC}.Debug|Any CPU.Deploy.0 = Debug|Any CPU
		{611ABD60-F4A4-4A47-87B3-DB94C82F7EBC}.Debug|ARM.ActiveCfg = Debug|Any CPU
		{611ABD60-F4A4-4A47-87B3-DB94C82F7EBC}.Debug|ARM.Build.0 = Debug|Any CPU
		{611ABD60-F4A4-4A47-87B3-DB94C82F7EBC}.Debug|ARM.Deploy.0 = Debug|Any CPU
		{611ABD60-F4A4-4A47-87B3-DB94C82F7EBC}.Debug|iPhone.ActiveCfg = Debug|Any CPU
		{611ABD60-F4A4-4A47-87B3-DB94C82F7EBC}.Debug|iPhone.Build.0 = Debug|Any CPU
		{611ABD60-F4A4-4A47-87B3-DB94C82F7EBC}.Debug|iPhone.Deploy.0 = Debug|Any CPU
		{611ABD60-F4A4-4A47-87B3-DB94C82F7EBC}.Debug|iPhoneSimulator.ActiveCfg = Debug|Any CPU
		{611ABD60-F4A4-4A47-87B3-DB94C82F7EBC}.Debug|iPhoneSimulator.Build.0 = Debug|Any CPU
		{611ABD60-F4A4-4A47-87B3-DB94C82F7EBC}.Debug|iPhoneSimulator.Deploy.0 = Debug|Any CPU
		{611ABD60-F4A4-4A47-87B3-DB94C82F7EBC}.Debug|x64.ActiveCfg = Debug|Any CPU
		{611ABD60-F4A4-4A47-87B3-DB94C82F7EBC}.Debug|x64.Build.0 = Debug|Any CPU
		{611ABD60-F4A4-4A47-87B3-DB94C82F7EBC}.Debug|x64.Deploy.0 = Debug|Any CPU
		{611ABD60-F4A4-4A47-87B3-DB94C82F7EBC}.Debug|x86.ActiveCfg = Debug|Any CPU
		{611ABD60-F4A4-4A47-87B3-DB94C82F7EBC}.Debug|x86.Build.0 = Debug|Any CPU
		{611ABD60-F4A4-4A47-87B3-DB94C82F7EBC}.Debug|x86.Deploy.0 = Debug|Any CPU
		{611ABD60-F4A4-4A47-87B3-DB94C82F7EBC}.Release|Any CPU.ActiveCfg = Release|Any CPU
		{611ABD60-F4A4-4A47-87B3-DB94C82F7EBC}.Release|Any CPU.Build.0 = Release|Any CPU
		{611ABD60-F4A4-4A47-87B3-DB94C82F7EBC}.Release|Any CPU.Deploy.0 = Release|Any CPU
		{611ABD60-F4A4-4A47-87B3-DB94C82F7EBC}.Release|ARM.ActiveCfg = Release|Any CPU
		{611ABD60-F4A4-4A47-87B3-DB94C82F7EBC}.Release|ARM.Build.0 = Release|Any CPU
		{611ABD60-F4A4-4A47-87B3-DB94C82F7EBC}.Release|ARM.Deploy.0 = Release|Any CPU
		{611ABD60-F4A4-4A47-87B3-DB94C82F7EBC}.Release|iPhone.ActiveCfg = Release|Any CPU
		{611ABD60-F4A4-4A47-87B3-DB94C82F7EBC}.Release|iPhone.Build.0 = Release|Any CPU
		{611ABD60-F4A4-4A47-87B3-DB94C82F7EBC}.Release|iPhone.Deploy.0 = Release|Any CPU
		{611ABD60-F4A4-4A47-87B3-DB94C82F7EBC}.Release|iPhoneSimulator.ActiveCfg = Release|Any CPU
		{611ABD60-F4A4-4A47-87B3-DB94C82F7EBC}.Release|iPhoneSimulator.Build.0 = Release|Any CPU
		{611ABD60-F4A4-4A47-87B3-DB94C82F7EBC}.Release|iPhoneSimulator.Deploy.0 = Release|Any CPU
		{611ABD60-F4A4-4A47-87B3-DB94C82F7EBC}.Release|x64.ActiveCfg = Release|Any CPU
		{611ABD60-F4A4-4A47-87B3-DB94C82F7EBC}.Release|x64.Build.0 = Release|Any CPU
		{611ABD60-F4A4-4A47-87B3-DB94C82F7EBC}.Release|x64.Deploy.0 = Release|Any CPU
		{611ABD60-F4A4-4A47-87B3-DB94C82F7EBC}.Release|x86.ActiveCfg = Release|Any CPU
		{611ABD60-F4A4-4A47-87B3-DB94C82F7EBC}.Release|x86.Build.0 = Release|Any CPU
		{611ABD60-F4A4-4A47-87B3-DB94C82F7EBC}.Release|x86.Deploy.0 = Release|Any CPU
		{CC8F9755-9A4F-437F-9A1F-D38BE91A6A03}.Ad-Hoc|Any CPU.ActiveCfg = Ad-Hoc|iPhone
		{CC8F9755-9A4F-437F-9A1F-D38BE91A6A03}.Ad-Hoc|ARM.ActiveCfg = Ad-Hoc|iPhone
		{CC8F9755-9A4F-437F-9A1F-D38BE91A6A03}.Ad-Hoc|iPhone.ActiveCfg = Ad-Hoc|iPhone
		{CC8F9755-9A4F-437F-9A1F-D38BE91A6A03}.Ad-Hoc|iPhone.Build.0 = Ad-Hoc|iPhone
		{CC8F9755-9A4F-437F-9A1F-D38BE91A6A03}.Ad-Hoc|iPhoneSimulator.ActiveCfg = Ad-Hoc|iPhoneSimulator
		{CC8F9755-9A4F-437F-9A1F-D38BE91A6A03}.Ad-Hoc|iPhoneSimulator.Build.0 = Ad-Hoc|iPhoneSimulator
		{CC8F9755-9A4F-437F-9A1F-D38BE91A6A03}.Ad-Hoc|x64.ActiveCfg = Ad-Hoc|iPhone
		{CC8F9755-9A4F-437F-9A1F-D38BE91A6A03}.Ad-Hoc|x86.ActiveCfg = Ad-Hoc|iPhone
		{CC8F9755-9A4F-437F-9A1F-D38BE91A6A03}.AppStore|Any CPU.ActiveCfg = AppStore|iPhone
		{CC8F9755-9A4F-437F-9A1F-D38BE91A6A03}.AppStore|ARM.ActiveCfg = AppStore|iPhone
		{CC8F9755-9A4F-437F-9A1F-D38BE91A6A03}.AppStore|iPhone.ActiveCfg = AppStore|iPhone
		{CC8F9755-9A4F-437F-9A1F-D38BE91A6A03}.AppStore|iPhone.Build.0 = AppStore|iPhone
		{CC8F9755-9A4F-437F-9A1F-D38BE91A6A03}.AppStore|iPhoneSimulator.ActiveCfg = AppStore|iPhoneSimulator
		{CC8F9755-9A4F-437F-9A1F-D38BE91A6A03}.AppStore|iPhoneSimulator.Build.0 = AppStore|iPhoneSimulator
		{CC8F9755-9A4F-437F-9A1F-D38BE91A6A03}.AppStore|x64.ActiveCfg = AppStore|iPhone
		{CC8F9755-9A4F-437F-9A1F-D38BE91A6A03}.AppStore|x86.ActiveCfg = AppStore|iPhone
		{CC8F9755-9A4F-437F-9A1F-D38BE91A6A03}.Debug|Any CPU.ActiveCfg = Debug|iPhone
		{CC8F9755-9A4F-437F-9A1F-D38BE91A6A03}.Debug|ARM.ActiveCfg = Debug|iPhone
		{CC8F9755-9A4F-437F-9A1F-D38BE91A6A03}.Debug|iPhone.ActiveCfg = Debug|iPhone
		{CC8F9755-9A4F-437F-9A1F-D38BE91A6A03}.Debug|iPhone.Build.0 = Debug|iPhone
		{CC8F9755-9A4F-437F-9A1F-D38BE91A6A03}.Debug|iPhoneSimulator.ActiveCfg = Debug|iPhoneSimulator
		{CC8F9755-9A4F-437F-9A1F-D38BE91A6A03}.Debug|iPhoneSimulator.Build.0 = Debug|iPhoneSimulator
		{CC8F9755-9A4F-437F-9A1F-D38BE91A6A03}.Debug|x64.ActiveCfg = Debug|iPhone
		{CC8F9755-9A4F-437F-9A1F-D38BE91A6A03}.Debug|x86.ActiveCfg = Debug|iPhone
		{CC8F9755-9A4F-437F-9A1F-D38BE91A6A03}.Release|Any CPU.ActiveCfg = Release|iPhone
		{CC8F9755-9A4F-437F-9A1F-D38BE91A6A03}.Release|ARM.ActiveCfg = Release|iPhone
		{CC8F9755-9A4F-437F-9A1F-D38BE91A6A03}.Release|iPhone.ActiveCfg = Release|iPhone
		{CC8F9755-9A4F-437F-9A1F-D38BE91A6A03}.Release|iPhone.Build.0 = Release|iPhone
		{CC8F9755-9A4F-437F-9A1F-D38BE91A6A03}.Release|iPhoneSimulator.ActiveCfg = Release|iPhoneSimulator
		{CC8F9755-9A4F-437F-9A1F-D38BE91A6A03}.Release|iPhoneSimulator.Build.0 = Release|iPhoneSimulator
		{CC8F9755-9A4F-437F-9A1F-D38BE91A6A03}.Release|x64.ActiveCfg = Release|iPhone
		{CC8F9755-9A4F-437F-9A1F-D38BE91A6A03}.Release|x86.ActiveCfg = Release|iPhone
		{64D38671-8ECF-4C1B-8226-B94BDF77E8C0}.Ad-Hoc|Any CPU.ActiveCfg = Release|Any CPU
		{64D38671-8ECF-4C1B-8226-B94BDF77E8C0}.Ad-Hoc|Any CPU.Build.0 = Release|Any CPU
		{64D38671-8ECF-4C1B-8226-B94BDF77E8C0}.Ad-Hoc|Any CPU.Deploy.0 = Release|Any CPU
		{64D38671-8ECF-4C1B-8226-B94BDF77E8C0}.Ad-Hoc|ARM.ActiveCfg = Release|ARM
		{64D38671-8ECF-4C1B-8226-B94BDF77E8C0}.Ad-Hoc|ARM.Build.0 = Release|ARM
		{64D38671-8ECF-4C1B-8226-B94BDF77E8C0}.Ad-Hoc|ARM.Deploy.0 = Release|ARM
		{64D38671-8ECF-4C1B-8226-B94BDF77E8C0}.Ad-Hoc|iPhone.ActiveCfg = Release|Any CPU
		{64D38671-8ECF-4C1B-8226-B94BDF77E8C0}.Ad-Hoc|iPhone.Build.0 = Release|Any CPU
		{64D38671-8ECF-4C1B-8226-B94BDF77E8C0}.Ad-Hoc|iPhone.Deploy.0 = Release|Any CPU
		{64D38671-8ECF-4C1B-8226-B94BDF77E8C0}.Ad-Hoc|iPhoneSimulator.ActiveCfg = Release|Any CPU
		{64D38671-8ECF-4C1B-8226-B94BDF77E8C0}.Ad-Hoc|iPhoneSimulator.Build.0 = Release|Any CPU
		{64D38671-8ECF-4C1B-8226-B94BDF77E8C0}.Ad-Hoc|iPhoneSimulator.Deploy.0 = Release|Any CPU
		{64D38671-8ECF-4C1B-8226-B94BDF77E8C0}.Ad-Hoc|x64.ActiveCfg = Release|Any CPU
		{64D38671-8ECF-4C1B-8226-B94BDF77E8C0}.Ad-Hoc|x64.Build.0 = Release|Any CPU
		{64D38671-8ECF-4C1B-8226-B94BDF77E8C0}.Ad-Hoc|x64.Deploy.0 = Release|Any CPU
		{64D38671-8ECF-4C1B-8226-B94BDF77E8C0}.Ad-Hoc|x86.ActiveCfg = Release|x86
		{64D38671-8ECF-4C1B-8226-B94BDF77E8C0}.Ad-Hoc|x86.Build.0 = Release|x86
		{64D38671-8ECF-4C1B-8226-B94BDF77E8C0}.Ad-Hoc|x86.Deploy.0 = Release|x86
		{64D38671-8ECF-4C1B-8226-B94BDF77E8C0}.AppStore|Any CPU.ActiveCfg = Release|Any CPU
		{64D38671-8ECF-4C1B-8226-B94BDF77E8C0}.AppStore|Any CPU.Build.0 = Release|Any CPU
		{64D38671-8ECF-4C1B-8226-B94BDF77E8C0}.AppStore|Any CPU.Deploy.0 = Release|Any CPU
		{64D38671-8ECF-4C1B-8226-B94BDF77E8C0}.AppStore|ARM.ActiveCfg = Release|ARM
		{64D38671-8ECF-4C1B-8226-B94BDF77E8C0}.AppStore|ARM.Build.0 = Release|ARM
		{64D38671-8ECF-4C1B-8226-B94BDF77E8C0}.AppStore|ARM.Deploy.0 = Release|ARM
		{64D38671-8ECF-4C1B-8226-B94BDF77E8C0}.AppStore|iPhone.ActiveCfg = Release|Any CPU
		{64D38671-8ECF-4C1B-8226-B94BDF77E8C0}.AppStore|iPhone.Build.0 = Release|Any CPU
		{64D38671-8ECF-4C1B-8226-B94BDF77E8C0}.AppStore|iPhone.Deploy.0 = Release|Any CPU
		{64D38671-8ECF-4C1B-8226-B94BDF77E8C0}.AppStore|iPhoneSimulator.ActiveCfg = Release|Any CPU
		{64D38671-8ECF-4C1B-8226-B94BDF77E8C0}.AppStore|iPhoneSimulator.Build.0 = Release|Any CPU
		{64D38671-8ECF-4C1B-8226-B94BDF77E8C0}.AppStore|iPhoneSimulator.Deploy.0 = Release|Any CPU
		{64D38671-8ECF-4C1B-8226-B94BDF77E8C0}.AppStore|x64.ActiveCfg = Release|Any CPU
		{64D38671-8ECF-4C1B-8226-B94BDF77E8C0}.AppStore|x64.Build.0 = Release|Any CPU
		{64D38671-8ECF-4C1B-8226-B94BDF77E8C0}.AppStore|x64.Deploy.0 = Release|Any CPU
		{64D38671-8ECF-4C1B-8226-B94BDF77E8C0}.AppStore|x86.ActiveCfg = Release|x86
		{64D38671-8ECF-4C1B-8226-B94BDF77E8C0}.AppStore|x86.Build.0 = Release|x86
		{64D38671-8ECF-4C1B-8226-B94BDF77E8C0}.AppStore|x86.Deploy.0 = Release|x86
		{64D38671-8ECF-4C1B-8226-B94BDF77E8C0}.Debug|Any CPU.ActiveCfg = Debug|Any CPU
		{64D38671-8ECF-4C1B-8226-B94BDF77E8C0}.Debug|Any CPU.Build.0 = Debug|Any CPU
		{64D38671-8ECF-4C1B-8226-B94BDF77E8C0}.Debug|Any CPU.Deploy.0 = Debug|Any CPU
		{64D38671-8ECF-4C1B-8226-B94BDF77E8C0}.Debug|ARM.ActiveCfg = Debug|ARM
		{64D38671-8ECF-4C1B-8226-B94BDF77E8C0}.Debug|ARM.Build.0 = Debug|ARM
		{64D38671-8ECF-4C1B-8226-B94BDF77E8C0}.Debug|ARM.Deploy.0 = Debug|ARM
		{64D38671-8ECF-4C1B-8226-B94BDF77E8C0}.Debug|iPhone.ActiveCfg = Debug|Any CPU
		{64D38671-8ECF-4C1B-8226-B94BDF77E8C0}.Debug|iPhone.Build.0 = Debug|Any CPU
		{64D38671-8ECF-4C1B-8226-B94BDF77E8C0}.Debug|iPhone.Deploy.0 = Debug|Any CPU
		{64D38671-8ECF-4C1B-8226-B94BDF77E8C0}.Debug|iPhoneSimulator.ActiveCfg = Debug|Any CPU
		{64D38671-8ECF-4C1B-8226-B94BDF77E8C0}.Debug|iPhoneSimulator.Build.0 = Debug|Any CPU
		{64D38671-8ECF-4C1B-8226-B94BDF77E8C0}.Debug|iPhoneSimulator.Deploy.0 = Debug|Any CPU
		{64D38671-8ECF-4C1B-8226-B94BDF77E8C0}.Debug|x64.ActiveCfg = Debug|Any CPU
		{64D38671-8ECF-4C1B-8226-B94BDF77E8C0}.Debug|x64.Build.0 = Debug|Any CPU
		{64D38671-8ECF-4C1B-8226-B94BDF77E8C0}.Debug|x64.Deploy.0 = Debug|Any CPU
		{64D38671-8ECF-4C1B-8226-B94BDF77E8C0}.Debug|x86.ActiveCfg = Debug|x86
		{64D38671-8ECF-4C1B-8226-B94BDF77E8C0}.Debug|x86.Build.0 = Debug|x86
		{64D38671-8ECF-4C1B-8226-B94BDF77E8C0}.Debug|x86.Deploy.0 = Debug|x86
		{64D38671-8ECF-4C1B-8226-B94BDF77E8C0}.Release|Any CPU.ActiveCfg = Release|Any CPU
		{64D38671-8ECF-4C1B-8226-B94BDF77E8C0}.Release|Any CPU.Build.0 = Release|Any CPU
		{64D38671-8ECF-4C1B-8226-B94BDF77E8C0}.Release|Any CPU.Deploy.0 = Release|Any CPU
		{64D38671-8ECF-4C1B-8226-B94BDF77E8C0}.Release|ARM.ActiveCfg = Release|ARM
		{64D38671-8ECF-4C1B-8226-B94BDF77E8C0}.Release|ARM.Build.0 = Release|ARM
		{64D38671-8ECF-4C1B-8226-B94BDF77E8C0}.Release|ARM.Deploy.0 = Release|ARM
		{64D38671-8ECF-4C1B-8226-B94BDF77E8C0}.Release|iPhone.ActiveCfg = Release|Any CPU
		{64D38671-8ECF-4C1B-8226-B94BDF77E8C0}.Release|iPhone.Build.0 = Release|Any CPU
		{64D38671-8ECF-4C1B-8226-B94BDF77E8C0}.Release|iPhone.Deploy.0 = Release|Any CPU
		{64D38671-8ECF-4C1B-8226-B94BDF77E8C0}.Release|iPhoneSimulator.ActiveCfg = Release|Any CPU
		{64D38671-8ECF-4C1B-8226-B94BDF77E8C0}.Release|iPhoneSimulator.Build.0 = Release|Any CPU
		{64D38671-8ECF-4C1B-8226-B94BDF77E8C0}.Release|iPhoneSimulator.Deploy.0 = Release|Any CPU
		{64D38671-8ECF-4C1B-8226-B94BDF77E8C0}.Release|x64.ActiveCfg = Release|Any CPU
		{64D38671-8ECF-4C1B-8226-B94BDF77E8C0}.Release|x64.Build.0 = Release|Any CPU
		{64D38671-8ECF-4C1B-8226-B94BDF77E8C0}.Release|x64.Deploy.0 = Release|Any CPU
		{64D38671-8ECF-4C1B-8226-B94BDF77E8C0}.Release|x86.ActiveCfg = Release|x86
		{64D38671-8ECF-4C1B-8226-B94BDF77E8C0}.Release|x86.Build.0 = Release|x86
		{64D38671-8ECF-4C1B-8226-B94BDF77E8C0}.Release|x86.Deploy.0 = Release|x86
		{2DCCC98A-C5C7-4082-B0C1-36922B627535}.Ad-Hoc|Any CPU.ActiveCfg = Release|x86
		{2DCCC98A-C5C7-4082-B0C1-36922B627535}.Ad-Hoc|Any CPU.Build.0 = Release|x86
		{2DCCC98A-C5C7-4082-B0C1-36922B627535}.Ad-Hoc|Any CPU.Deploy.0 = Release|x86
		{2DCCC98A-C5C7-4082-B0C1-36922B627535}.Ad-Hoc|ARM.ActiveCfg = Release|ARM
		{2DCCC98A-C5C7-4082-B0C1-36922B627535}.Ad-Hoc|ARM.Build.0 = Release|ARM
		{2DCCC98A-C5C7-4082-B0C1-36922B627535}.Ad-Hoc|ARM.Deploy.0 = Release|ARM
		{2DCCC98A-C5C7-4082-B0C1-36922B627535}.Ad-Hoc|iPhone.ActiveCfg = Release|x86
		{2DCCC98A-C5C7-4082-B0C1-36922B627535}.Ad-Hoc|iPhone.Build.0 = Release|x86
		{2DCCC98A-C5C7-4082-B0C1-36922B627535}.Ad-Hoc|iPhone.Deploy.0 = Release|x86
		{2DCCC98A-C5C7-4082-B0C1-36922B627535}.Ad-Hoc|iPhoneSimulator.ActiveCfg = Release|x86
		{2DCCC98A-C5C7-4082-B0C1-36922B627535}.Ad-Hoc|iPhoneSimulator.Build.0 = Release|x86
		{2DCCC98A-C5C7-4082-B0C1-36922B627535}.Ad-Hoc|iPhoneSimulator.Deploy.0 = Release|x86
		{2DCCC98A-C5C7-4082-B0C1-36922B627535}.Ad-Hoc|x64.ActiveCfg = Release|x64
		{2DCCC98A-C5C7-4082-B0C1-36922B627535}.Ad-Hoc|x64.Build.0 = Release|x64
		{2DCCC98A-C5C7-4082-B0C1-36922B627535}.Ad-Hoc|x64.Deploy.0 = Release|x64
		{2DCCC98A-C5C7-4082-B0C1-36922B627535}.Ad-Hoc|x86.ActiveCfg = Release|x86
		{2DCCC98A-C5C7-4082-B0C1-36922B627535}.Ad-Hoc|x86.Build.0 = Release|x86
		{2DCCC98A-C5C7-4082-B0C1-36922B627535}.Ad-Hoc|x86.Deploy.0 = Release|x86
		{2DCCC98A-C5C7-4082-B0C1-36922B627535}.AppStore|Any CPU.ActiveCfg = Release|x86
		{2DCCC98A-C5C7-4082-B0C1-36922B627535}.AppStore|Any CPU.Build.0 = Release|x86
		{2DCCC98A-C5C7-4082-B0C1-36922B627535}.AppStore|Any CPU.Deploy.0 = Release|x86
		{2DCCC98A-C5C7-4082-B0C1-36922B627535}.AppStore|ARM.ActiveCfg = Release|ARM
		{2DCCC98A-C5C7-4082-B0C1-36922B627535}.AppStore|ARM.Build.0 = Release|ARM
		{2DCCC98A-C5C7-4082-B0C1-36922B627535}.AppStore|ARM.Deploy.0 = Release|ARM
		{2DCCC98A-C5C7-4082-B0C1-36922B627535}.AppStore|iPhone.ActiveCfg = Release|x86
		{2DCCC98A-C5C7-4082-B0C1-36922B627535}.AppStore|iPhone.Build.0 = Release|x86
		{2DCCC98A-C5C7-4082-B0C1-36922B627535}.AppStore|iPhone.Deploy.0 = Release|x86
		{2DCCC98A-C5C7-4082-B0C1-36922B627535}.AppStore|iPhoneSimulator.ActiveCfg = Release|x86
		{2DCCC98A-C5C7-4082-B0C1-36922B627535}.AppStore|iPhoneSimulator.Build.0 = Release|x86
		{2DCCC98A-C5C7-4082-B0C1-36922B627535}.AppStore|iPhoneSimulator.Deploy.0 = Release|x86
		{2DCCC98A-C5C7-4082-B0C1-36922B627535}.AppStore|x64.ActiveCfg = Release|x64
		{2DCCC98A-C5C7-4082-B0C1-36922B627535}.AppStore|x64.Build.0 = Release|x64
		{2DCCC98A-C5C7-4082-B0C1-36922B627535}.AppStore|x64.Deploy.0 = Release|x64
		{2DCCC98A-C5C7-4082-B0C1-36922B627535}.AppStore|x86.ActiveCfg = Release|x86
		{2DCCC98A-C5C7-4082-B0C1-36922B627535}.AppStore|x86.Build.0 = Release|x86
		{2DCCC98A-C5C7-4082-B0C1-36922B627535}.AppStore|x86.Deploy.0 = Release|x86
		{2DCCC98A-C5C7-4082-B0C1-36922B627535}.Debug|Any CPU.ActiveCfg = Debug|x86
		{2DCCC98A-C5C7-4082-B0C1-36922B627535}.Debug|ARM.ActiveCfg = Debug|ARM
		{2DCCC98A-C5C7-4082-B0C1-36922B627535}.Debug|ARM.Build.0 = Debug|ARM
		{2DCCC98A-C5C7-4082-B0C1-36922B627535}.Debug|ARM.Deploy.0 = Debug|ARM
		{2DCCC98A-C5C7-4082-B0C1-36922B627535}.Debug|iPhone.ActiveCfg = Debug|x86
		{2DCCC98A-C5C7-4082-B0C1-36922B627535}.Debug|iPhoneSimulator.ActiveCfg = Debug|x86
		{2DCCC98A-C5C7-4082-B0C1-36922B627535}.Debug|x64.ActiveCfg = Debug|x64
		{2DCCC98A-C5C7-4082-B0C1-36922B627535}.Debug|x64.Build.0 = Debug|x64
		{2DCCC98A-C5C7-4082-B0C1-36922B627535}.Debug|x64.Deploy.0 = Debug|x64
		{2DCCC98A-C5C7-4082-B0C1-36922B627535}.Debug|x86.ActiveCfg = Debug|x86
		{2DCCC98A-C5C7-4082-B0C1-36922B627535}.Debug|x86.Build.0 = Debug|x86
		{2DCCC98A-C5C7-4082-B0C1-36922B627535}.Debug|x86.Deploy.0 = Debug|x86
		{2DCCC98A-C5C7-4082-B0C1-36922B627535}.Release|Any CPU.ActiveCfg = Release|x86
		{2DCCC98A-C5C7-4082-B0C1-36922B627535}.Release|ARM.ActiveCfg = Release|ARM
		{2DCCC98A-C5C7-4082-B0C1-36922B627535}.Release|ARM.Build.0 = Release|ARM
		{2DCCC98A-C5C7-4082-B0C1-36922B627535}.Release|ARM.Deploy.0 = Release|ARM
		{2DCCC98A-C5C7-4082-B0C1-36922B627535}.Release|iPhone.ActiveCfg = Release|x86
		{2DCCC98A-C5C7-4082-B0C1-36922B627535}.Release|iPhoneSimulator.ActiveCfg = Release|x86
		{2DCCC98A-C5C7-4082-B0C1-36922B627535}.Release|x64.ActiveCfg = Release|x64
		{2DCCC98A-C5C7-4082-B0C1-36922B627535}.Release|x64.Build.0 = Release|x64
		{2DCCC98A-C5C7-4082-B0C1-36922B627535}.Release|x64.Deploy.0 = Release|x64
		{2DCCC98A-C5C7-4082-B0C1-36922B627535}.Release|x86.ActiveCfg = Release|x86
		{2DCCC98A-C5C7-4082-B0C1-36922B627535}.Release|x86.Build.0 = Release|x86
		{2DCCC98A-C5C7-4082-B0C1-36922B627535}.Release|x86.Deploy.0 = Release|x86
		{4198F1B0-A084-44BA-9CFF-ACB4268DC7A8}.Ad-Hoc|Any CPU.ActiveCfg = Release|Any CPU
		{4198F1B0-A084-44BA-9CFF-ACB4268DC7A8}.Ad-Hoc|Any CPU.Build.0 = Release|Any CPU
		{4198F1B0-A084-44BA-9CFF-ACB4268DC7A8}.Ad-Hoc|Any CPU.Deploy.0 = Release|Any CPU
		{4198F1B0-A084-44BA-9CFF-ACB4268DC7A8}.Ad-Hoc|ARM.ActiveCfg = Release|ARM
		{4198F1B0-A084-44BA-9CFF-ACB4268DC7A8}.Ad-Hoc|ARM.Build.0 = Release|ARM
		{4198F1B0-A084-44BA-9CFF-ACB4268DC7A8}.Ad-Hoc|ARM.Deploy.0 = Release|ARM
		{4198F1B0-A084-44BA-9CFF-ACB4268DC7A8}.Ad-Hoc|iPhone.ActiveCfg = Release|Any CPU
		{4198F1B0-A084-44BA-9CFF-ACB4268DC7A8}.Ad-Hoc|iPhone.Build.0 = Release|Any CPU
		{4198F1B0-A084-44BA-9CFF-ACB4268DC7A8}.Ad-Hoc|iPhone.Deploy.0 = Release|Any CPU
		{4198F1B0-A084-44BA-9CFF-ACB4268DC7A8}.Ad-Hoc|iPhoneSimulator.ActiveCfg = Release|Any CPU
		{4198F1B0-A084-44BA-9CFF-ACB4268DC7A8}.Ad-Hoc|iPhoneSimulator.Build.0 = Release|Any CPU
		{4198F1B0-A084-44BA-9CFF-ACB4268DC7A8}.Ad-Hoc|iPhoneSimulator.Deploy.0 = Release|Any CPU
		{4198F1B0-A084-44BA-9CFF-ACB4268DC7A8}.Ad-Hoc|x64.ActiveCfg = Release|x64
		{4198F1B0-A084-44BA-9CFF-ACB4268DC7A8}.Ad-Hoc|x64.Build.0 = Release|x64
		{4198F1B0-A084-44BA-9CFF-ACB4268DC7A8}.Ad-Hoc|x64.Deploy.0 = Release|x64
		{4198F1B0-A084-44BA-9CFF-ACB4268DC7A8}.Ad-Hoc|x86.ActiveCfg = Release|x86
		{4198F1B0-A084-44BA-9CFF-ACB4268DC7A8}.Ad-Hoc|x86.Build.0 = Release|x86
		{4198F1B0-A084-44BA-9CFF-ACB4268DC7A8}.Ad-Hoc|x86.Deploy.0 = Release|x86
		{4198F1B0-A084-44BA-9CFF-ACB4268DC7A8}.AppStore|Any CPU.ActiveCfg = Release|Any CPU
		{4198F1B0-A084-44BA-9CFF-ACB4268DC7A8}.AppStore|Any CPU.Build.0 = Release|Any CPU
		{4198F1B0-A084-44BA-9CFF-ACB4268DC7A8}.AppStore|Any CPU.Deploy.0 = Release|Any CPU
		{4198F1B0-A084-44BA-9CFF-ACB4268DC7A8}.AppStore|ARM.ActiveCfg = Release|ARM
		{4198F1B0-A084-44BA-9CFF-ACB4268DC7A8}.AppStore|ARM.Build.0 = Release|ARM
		{4198F1B0-A084-44BA-9CFF-ACB4268DC7A8}.AppStore|ARM.Deploy.0 = Release|ARM
		{4198F1B0-A084-44BA-9CFF-ACB4268DC7A8}.AppStore|iPhone.ActiveCfg = Release|Any CPU
		{4198F1B0-A084-44BA-9CFF-ACB4268DC7A8}.AppStore|iPhone.Build.0 = Release|Any CPU
		{4198F1B0-A084-44BA-9CFF-ACB4268DC7A8}.AppStore|iPhone.Deploy.0 = Release|Any CPU
		{4198F1B0-A084-44BA-9CFF-ACB4268DC7A8}.AppStore|iPhoneSimulator.ActiveCfg = Release|Any CPU
		{4198F1B0-A084-44BA-9CFF-ACB4268DC7A8}.AppStore|iPhoneSimulator.Build.0 = Release|Any CPU
		{4198F1B0-A084-44BA-9CFF-ACB4268DC7A8}.AppStore|iPhoneSimulator.Deploy.0 = Release|Any CPU
		{4198F1B0-A084-44BA-9CFF-ACB4268DC7A8}.AppStore|x64.ActiveCfg = Release|x64
		{4198F1B0-A084-44BA-9CFF-ACB4268DC7A8}.AppStore|x64.Build.0 = Release|x64
		{4198F1B0-A084-44BA-9CFF-ACB4268DC7A8}.AppStore|x64.Deploy.0 = Release|x64
		{4198F1B0-A084-44BA-9CFF-ACB4268DC7A8}.AppStore|x86.ActiveCfg = Release|x86
		{4198F1B0-A084-44BA-9CFF-ACB4268DC7A8}.AppStore|x86.Build.0 = Release|x86
		{4198F1B0-A084-44BA-9CFF-ACB4268DC7A8}.AppStore|x86.Deploy.0 = Release|x86
		{4198F1B0-A084-44BA-9CFF-ACB4268DC7A8}.Debug|Any CPU.ActiveCfg = Debug|Any CPU
		{4198F1B0-A084-44BA-9CFF-ACB4268DC7A8}.Debug|Any CPU.Build.0 = Debug|Any CPU
		{4198F1B0-A084-44BA-9CFF-ACB4268DC7A8}.Debug|Any CPU.Deploy.0 = Debug|Any CPU
		{4198F1B0-A084-44BA-9CFF-ACB4268DC7A8}.Debug|ARM.ActiveCfg = Debug|ARM
		{4198F1B0-A084-44BA-9CFF-ACB4268DC7A8}.Debug|ARM.Build.0 = Debug|ARM
		{4198F1B0-A084-44BA-9CFF-ACB4268DC7A8}.Debug|ARM.Deploy.0 = Debug|ARM
		{4198F1B0-A084-44BA-9CFF-ACB4268DC7A8}.Debug|iPhone.ActiveCfg = Debug|Any CPU
		{4198F1B0-A084-44BA-9CFF-ACB4268DC7A8}.Debug|iPhone.Build.0 = Debug|Any CPU
		{4198F1B0-A084-44BA-9CFF-ACB4268DC7A8}.Debug|iPhone.Deploy.0 = Debug|Any CPU
		{4198F1B0-A084-44BA-9CFF-ACB4268DC7A8}.Debug|iPhoneSimulator.ActiveCfg = Debug|Any CPU
		{4198F1B0-A084-44BA-9CFF-ACB4268DC7A8}.Debug|iPhoneSimulator.Build.0 = Debug|Any CPU
		{4198F1B0-A084-44BA-9CFF-ACB4268DC7A8}.Debug|iPhoneSimulator.Deploy.0 = Debug|Any CPU
		{4198F1B0-A084-44BA-9CFF-ACB4268DC7A8}.Debug|x64.ActiveCfg = Debug|x64
		{4198F1B0-A084-44BA-9CFF-ACB4268DC7A8}.Debug|x64.Build.0 = Debug|x64
		{4198F1B0-A084-44BA-9CFF-ACB4268DC7A8}.Debug|x64.Deploy.0 = Debug|x64
		{4198F1B0-A084-44BA-9CFF-ACB4268DC7A8}.Debug|x86.ActiveCfg = Debug|x86
		{4198F1B0-A084-44BA-9CFF-ACB4268DC7A8}.Debug|x86.Build.0 = Debug|x86
		{4198F1B0-A084-44BA-9CFF-ACB4268DC7A8}.Debug|x86.Deploy.0 = Debug|x86
		{4198F1B0-A084-44BA-9CFF-ACB4268DC7A8}.Release|Any CPU.ActiveCfg = Release|Any CPU
		{4198F1B0-A084-44BA-9CFF-ACB4268DC7A8}.Release|Any CPU.Build.0 = Release|Any CPU
		{4198F1B0-A084-44BA-9CFF-ACB4268DC7A8}.Release|Any CPU.Deploy.0 = Release|Any CPU
		{4198F1B0-A084-44BA-9CFF-ACB4268DC7A8}.Release|ARM.ActiveCfg = Release|ARM
		{4198F1B0-A084-44BA-9CFF-ACB4268DC7A8}.Release|ARM.Build.0 = Release|ARM
		{4198F1B0-A084-44BA-9CFF-ACB4268DC7A8}.Release|ARM.Deploy.0 = Release|ARM
		{4198F1B0-A084-44BA-9CFF-ACB4268DC7A8}.Release|iPhone.ActiveCfg = Release|Any CPU
		{4198F1B0-A084-44BA-9CFF-ACB4268DC7A8}.Release|iPhone.Build.0 = Release|Any CPU
		{4198F1B0-A084-44BA-9CFF-ACB4268DC7A8}.Release|iPhone.Deploy.0 = Release|Any CPU
		{4198F1B0-A084-44BA-9CFF-ACB4268DC7A8}.Release|iPhoneSimulator.ActiveCfg = Release|Any CPU
		{4198F1B0-A084-44BA-9CFF-ACB4268DC7A8}.Release|iPhoneSimulator.Build.0 = Release|Any CPU
		{4198F1B0-A084-44BA-9CFF-ACB4268DC7A8}.Release|iPhoneSimulator.Deploy.0 = Release|Any CPU
		{4198F1B0-A084-44BA-9CFF-ACB4268DC7A8}.Release|x64.ActiveCfg = Release|x64
		{4198F1B0-A084-44BA-9CFF-ACB4268DC7A8}.Release|x64.Build.0 = Release|x64
		{4198F1B0-A084-44BA-9CFF-ACB4268DC7A8}.Release|x64.Deploy.0 = Release|x64
		{4198F1B0-A084-44BA-9CFF-ACB4268DC7A8}.Release|x86.ActiveCfg = Release|x86
		{4198F1B0-A084-44BA-9CFF-ACB4268DC7A8}.Release|x86.Build.0 = Release|x86
		{4198F1B0-A084-44BA-9CFF-ACB4268DC7A8}.Release|x86.Deploy.0 = Release|x86
		{C386D41D-BDC1-49CF-BD49-E09316CDA59D}.Ad-Hoc|Any CPU.ActiveCfg = Release|Any CPU
		{C386D41D-BDC1-49CF-BD49-E09316CDA59D}.Ad-Hoc|Any CPU.Build.0 = Release|Any CPU
		{C386D41D-BDC1-49CF-BD49-E09316CDA59D}.Ad-Hoc|ARM.ActiveCfg = Release|Any CPU
		{C386D41D-BDC1-49CF-BD49-E09316CDA59D}.Ad-Hoc|ARM.Build.0 = Release|Any CPU
		{C386D41D-BDC1-49CF-BD49-E09316CDA59D}.Ad-Hoc|iPhone.ActiveCfg = Release|Any CPU
		{C386D41D-BDC1-49CF-BD49-E09316CDA59D}.Ad-Hoc|iPhone.Build.0 = Release|Any CPU
		{C386D41D-BDC1-49CF-BD49-E09316CDA59D}.Ad-Hoc|iPhoneSimulator.ActiveCfg = Release|Any CPU
		{C386D41D-BDC1-49CF-BD49-E09316CDA59D}.Ad-Hoc|iPhoneSimulator.Build.0 = Release|Any CPU
		{C386D41D-BDC1-49CF-BD49-E09316CDA59D}.Ad-Hoc|x64.ActiveCfg = Release|Any CPU
		{C386D41D-BDC1-49CF-BD49-E09316CDA59D}.Ad-Hoc|x64.Build.0 = Release|Any CPU
		{C386D41D-BDC1-49CF-BD49-E09316CDA59D}.Ad-Hoc|x86.ActiveCfg = Release|Any CPU
		{C386D41D-BDC1-49CF-BD49-E09316CDA59D}.Ad-Hoc|x86.Build.0 = Release|Any CPU
		{C386D41D-BDC1-49CF-BD49-E09316CDA59D}.AppStore|Any CPU.ActiveCfg = Release|Any CPU
		{C386D41D-BDC1-49CF-BD49-E09316CDA59D}.AppStore|Any CPU.Build.0 = Release|Any CPU
		{C386D41D-BDC1-49CF-BD49-E09316CDA59D}.AppStore|ARM.ActiveCfg = Release|Any CPU
		{C386D41D-BDC1-49CF-BD49-E09316CDA59D}.AppStore|ARM.Build.0 = Release|Any CPU
		{C386D41D-BDC1-49CF-BD49-E09316CDA59D}.AppStore|iPhone.ActiveCfg = Release|Any CPU
		{C386D41D-BDC1-49CF-BD49-E09316CDA59D}.AppStore|iPhone.Build.0 = Release|Any CPU
		{C386D41D-BDC1-49CF-BD49-E09316CDA59D}.AppStore|iPhoneSimulator.ActiveCfg = Release|Any CPU
		{C386D41D-BDC1-49CF-BD49-E09316CDA59D}.AppStore|iPhoneSimulator.Build.0 = Release|Any CPU
		{C386D41D-BDC1-49CF-BD49-E09316CDA59D}.AppStore|x64.ActiveCfg = Release|Any CPU
		{C386D41D-BDC1-49CF-BD49-E09316CDA59D}.AppStore|x64.Build.0 = Release|Any CPU
		{C386D41D-BDC1-49CF-BD49-E09316CDA59D}.AppStore|x86.ActiveCfg = Release|Any CPU
		{C386D41D-BDC1-49CF-BD49-E09316CDA59D}.AppStore|x86.Build.0 = Release|Any CPU
		{C386D41D-BDC1-49CF-BD49-E09316CDA59D}.Debug|Any CPU.ActiveCfg = Debug|Any CPU
		{C386D41D-BDC1-49CF-BD49-E09316CDA59D}.Debug|Any CPU.Build.0 = Debug|Any CPU
		{C386D41D-BDC1-49CF-BD49-E09316CDA59D}.Debug|ARM.ActiveCfg = Debug|Any CPU
		{C386D41D-BDC1-49CF-BD49-E09316CDA59D}.Debug|ARM.Build.0 = Debug|Any CPU
		{C386D41D-BDC1-49CF-BD49-E09316CDA59D}.Debug|iPhone.ActiveCfg = Debug|Any CPU
		{C386D41D-BDC1-49CF-BD49-E09316CDA59D}.Debug|iPhone.Build.0 = Debug|Any CPU
		{C386D41D-BDC1-49CF-BD49-E09316CDA59D}.Debug|iPhoneSimulator.ActiveCfg = Debug|Any CPU
		{C386D41D-BDC1-49CF-BD49-E09316CDA59D}.Debug|iPhoneSimulator.Build.0 = Debug|Any CPU
		{C386D41D-BDC1-49CF-BD49-E09316CDA59D}.Debug|x64.ActiveCfg = Debug|Any CPU
		{C386D41D-BDC1-49CF-BD49-E09316CDA59D}.Debug|x64.Build.0 = Debug|Any CPU
		{C386D41D-BDC1-49CF-BD49-E09316CDA59D}.Debug|x86.ActiveCfg = Debug|Any CPU
		{C386D41D-BDC1-49CF-BD49-E09316CDA59D}.Debug|x86.Build.0 = Debug|Any CPU
		{C386D41D-BDC1-49CF-BD49-E09316CDA59D}.Release|Any CPU.ActiveCfg = Release|Any CPU
		{C386D41D-BDC1-49CF-BD49-E09316CDA59D}.Release|Any CPU.Build.0 = Release|Any CPU
		{C386D41D-BDC1-49CF-BD49-E09316CDA59D}.Release|ARM.ActiveCfg = Release|Any CPU
		{C386D41D-BDC1-49CF-BD49-E09316CDA59D}.Release|ARM.Build.0 = Release|Any CPU
		{C386D41D-BDC1-49CF-BD49-E09316CDA59D}.Release|iPhone.ActiveCfg = Release|Any CPU
		{C386D41D-BDC1-49CF-BD49-E09316CDA59D}.Release|iPhone.Build.0 = Release|Any CPU
		{C386D41D-BDC1-49CF-BD49-E09316CDA59D}.Release|iPhoneSimulator.ActiveCfg = Release|Any CPU
		{C386D41D-BDC1-49CF-BD49-E09316CDA59D}.Release|iPhoneSimulator.Build.0 = Release|Any CPU
		{C386D41D-BDC1-49CF-BD49-E09316CDA59D}.Release|x64.ActiveCfg = Release|Any CPU
		{C386D41D-BDC1-49CF-BD49-E09316CDA59D}.Release|x64.Build.0 = Release|Any CPU
		{C386D41D-BDC1-49CF-BD49-E09316CDA59D}.Release|x86.ActiveCfg = Release|Any CPU
		{C386D41D-BDC1-49CF-BD49-E09316CDA59D}.Release|x86.Build.0 = Release|Any CPU
	EndGlobalSection
	GlobalSection(SolutionProperties) = preSolution
		HideSolutionNode = FALSE
	EndGlobalSection
	GlobalSection(NestedProjects) = preSolution
		{C386D41D-BDC1-49CF-BD49-E09316CDA59D} = {721C2D63-E8F1-4131-997F-60AA3105034F}
	EndGlobalSection
EndGlobal
